<?xml version="1.0" encoding="utf-8"?>
<Project ToolsVersion="4.0" xmlns="http://schemas.microsoft.com/developer/msbuild/2003">
  <ItemGroup>
    <Filter Include="Source Files">
      <UniqueIdentifier>{d039aa43-305c-428c-a1e7-b48d38cc7ee4}</UniqueIdentifier>
      <Extensions>cpp;c;cxx;rc;def;r;odl;idl;hpj;bat</Extensions>
    </Filter>
    <Filter Include="Header Files">
      <UniqueIdentifier>{788f1a03-6288-44e5-8674-06a48813d178}</UniqueIdentifier>
      <Extensions>h;hpp;hxx;hm;inl</Extensions>
    </Filter>
  </ItemGroup>
  <ItemGroup>
    <ClCompile Include="OSNRemoteServer.cpp">
      <Filter>Source Files</Filter>
    </ClCompile>
    <ClCompile Include="OSNRpcServer.cpp">
      <Filter>Source Files</Filter>
    </ClCompile>
    <ClCompile Include="OSNRpcSocket.cpp">
      <Filter>Source Files</Filter>
    </ClCompile>
    <ClCompile Include="OSNService.cpp">
      <Filter>Source Files</Filter>
    </ClCompile>
    <ClCompile Include="OSNXml.cpp">
      <Filter>Source Files</Filter>
    </ClCompile>
    <ClCompile Include="OsnMirrorCopyXML.cpp">
      <Filter>Source Files</Filter>
    </ClCompile>
    <ClCompile Include="NewMirror.cpp">
      <Filter>Source Files</Filter>
    </ClCompile>
  </ItemGroup>
  <ItemGroup>
    <ClInclude Include="Configure.h">
      <Filter>Header Files</Filter>
    </ClInclude>
    <ClInclude Include="OSNRemoteServer.h">
      <Filter>Header Files</Filter>
    </ClInclude>
    <ClInclude Include="OSNRpcServer.h">
      <Filter>Header Files</Filter>
    </ClInclude>
    <ClInclude Include="OSNRpcSocket.h">
      <Filter>Header Files</Filter>
    </ClInclude>
    <ClInclude Include="OSNService.h">
      <Filter>Header Files</Filter>
    </ClInclude>
    <ClInclude Include="resource.h">
      <Filter>Header Files</Filter>
    </ClInclude>
    <ClInclude Include="OSNXml.h">
      <Filter>Header Files</Filter>
    </ClInclude>
    <ClInclude Include="Globallist.h">
      <Filter>Header Files</Filter>
    </ClInclude>
    <ClInclude Include="MirrorUIConfigure.h">
      <Filter>Header Files</Filter>
    </ClInclude>
    <ClInclude Include="OsnMirrorCopyXML.h">
      <Filter>Header Files</Filter>
    </ClInclude>
    <ClInclude Include="NewMirror.h">
      <Filter>Header Files</Filter>
    </ClInclude>
  </ItemGroup>
  <ItemGroup>
    <CustomBuild Include="OSNHBService.reg" />
  </ItemGroup>
  <ItemGroup>
    <ResourceCompile Include="OSNHBService.rc">
      <Filter>Source Files</Filter>
    </ResourceCompile>
  </ItemGroup>
</Project>